
Microsoft Visual Studio Solution File, Format Version 12.00
# Visual Studio Version 16
VisualStudioVersion = 16.0.31410.357
MinimumVisualStudioVersion = 10.0.40219.1
Project("{9A19103F-16F7-4668-BE54-9A1E7A4F7556}") = "PlayersAndMonsters", "PlayersAndMonsters.csproj", "{B889CFF1-8A66-4A61-846D-0471AC1BCB35}"
EndProject
Global
	GlobalSection(SolutionConfigurationPlatforms) = preSolution
		Debug|Any CPU = Debug|Any CPU
		Release|Any CPU = Release|Any CPU
	EndGlobalSection
	GlobalSection(ProjectConfigurationPlatforms) = postSolution
		{B889CFF1-8A66-4A61-846D-0471AC1BCB35}.Debug|Any CPU.ActiveCfg = Debug|Any CPU
		{B889CFF1-8A66-4A61-846D-0471AC1BCB35}.Debug|Any CPU.Build.0 = Debug|Any CPU
		{B889CFF1-8A66-4A61-846D-0471AC1BCB35}.Release|Any CPU.ActiveCfg = Release|Any CPU
		{B889CFF1-8A66-4A61-846D-0471AC1BCB35}.Release|Any CPU.Build.0 = Release|Any CPU
	EndGlobalSection
	GlobalSection(SolutionProperties) = preSolution
		HideSolutionNode = FALSE
	EndGlobalSection
	GlobalSection(ExtensibilityGlobals) = postSolution
		SolutionGuid = {E4F20AC8-0C99-4260-B06E-20D0A81397EF}
	EndGlobalSection
EndGlobal
